%{"barrel_ex_logger": {:git, "https://github.com/barrel-db/barrel_ex_logger.git", "357d092aff5caafec2197fc9e495762a68303a08", []},
  "bbmustache": {:hex, :bbmustache, "1.0.1", "6f8504fa069e6e3595593260384c6c372065dd4ead557bf5b61a2b2bbb4d80f9", [:rebar], []},
  "bear": {:hex, :bear, "0.8.3", "866002127a97932720a0d475d8582c98ec5fb78db3a18dfe7eaf91594d9024b8", [:rebar3], []},
  "certifi": {:hex, :certifi, "0.4.0", "a7966efb868b179023618d29a407548f70c52466bf1849b9e8ebd0e34b7ea11f", [:rebar3], []},
  "conform": {:hex, :conform, "0.16.0", "f6d6b207c693f2f939af8edeab7c735c4fd48552c63c0a019a52b6d2d98a1ca4", [:mix], [{:neotoma, "~> 1.7.3", [hex: :neotoma, optional: false]}]},
  "cowboy": {:hex, :cowboy, "1.0.4", "a324a8df9f2316c833a470d918aaf73ae894278b8aa6226ce7a9bf699388f878", [:rebar, :make], [{:cowlib, "~> 1.0.0", [hex: :cowlib, optional: false]}, {:ranch, "~> 1.0", [hex: :ranch, optional: false]}]},
  "cowlib": {:hex, :cowlib, "1.0.2", "9d769a1d062c9c3ac753096f868ca121e2730b9a377de23dec0f7e08b1df84ee", [:make], []},
  "econfig": {:hex, :econfig, "0.7.3", "b60f285efa39c16bdd15a66477390d8e7dfb9a2e60fa5a6c512727e9704ba371", [:rebar3], []},
  "edown": {:hex, :edown, "0.7.0", "6803599606b10f8e328d6d60c44cd16244cd2429908894c415fce4211c3bfefd", [:rebar, :rebar, :make], []},
  "erlware_commons": {:hex, :erlware_commons, "0.13.0", "b86d493f3c3e52acba16f0a78900c12525e9eb46db3450b0d25b419aa8221115", [:rebar], []},
  "exometer_core": {:hex, :exometer_core, "1.4.0", "a546ccd38be910de6ea75ea95b724b6b2db513c26f02e30919b25eb19651815a", [:rebar3], [{:setup, "1.7.0", [hex: :setup, optional: false]}, {:parse_trans, "2.9.0", [hex: :parse_trans, optional: false]}, {:lager, "3.0.2", [hex: :lager, optional: false]}, {:folsom, "0.8.3", [hex: :folsom, optional: false]}, {:edown, "0.7.0", [hex: :edown, optional: false]}]},
  "exrm": {:hex, :exrm, "0.18.8", "8bc43a5da2cd54eb18fdffc6bb1608424f3897f97e816bcf752fb931c0ef1af4", [:mix], [{:relx, "~> 3.1.0", [hex: :relx, optional: false]}, {:conform, "~> 0.16.0", [hex: :conform, optional: false]}]},
  "fast_yaml": {:hex, :fast_yaml, "1.0.3", "862e3f89d52aa6a72eef3121edf303aac2f3c559cbaba2d2a1fd0c09d5f15f9a", [:rebar3], [{:p1_utils, "1.0.3", [hex: :p1_utils, optional: false]}]},
  "folsom": {:hex, :folsom, "0.8.3", "71cff146152fa95e6092e62119f9dc96888660111e7b61853c8fdcf80598a4e0", [:rebar3], [{:bear, "0.8.3", [hex: :bear, optional: false]}]},
  "getopt": {:hex, :getopt, "0.8.2", "b17556db683000ba50370b16c0619df1337e7af7ecbf7d64fbf8d1d6bce3109b", [:rebar], []},
  "goldrush": {:hex, :goldrush, "0.1.7", "349a351d17c71c2fdaa18a6c2697562abe136fec945f147b381f0cf313160228", [:rebar3], []},
  "gproc": {:hex, :gproc, "0.5.0", "2df2d886f8f8a7b81a4b04aa17972b5965bbc5bf0100ea6d8e8ac6a0e7389afe", [:rebar], []},
  "hackney": {:hex, :hackney, "1.6.0", "8d1e9440c9edf23bf5e5e2fe0c71de03eb265103b72901337394c840eec679ac", [:rebar3], [{:ssl_verify_fun, "1.1.0", [hex: :ssl_verify_fun, optional: false]}, {:mimerl, "1.0.2", [hex: :mimerl, optional: false]}, {:metrics, "1.0.1", [hex: :metrics, optional: false]}, {:idna, "1.2.0", [hex: :idna, optional: false]}, {:certifi, "0.4.0", [hex: :certifi, optional: false]}]},
  "hooks": {:hex, :hooks, "1.1.1", "ee1042d74b6f38b276107ec249b61b66752143d417d0b81ac9c30e8b6c75b164", [:rebar3], []},
  "ibrowse": {:hex, :barrel_ibrowse, "4.3.1", "63e079db78ee74fd2dc64fa29a76c054e1bc673202bcad8f6377a9ffd4dfc9e2", [:rebar3], []},
  "idna": {:hex, :idna, "1.2.0", "ac62ee99da068f43c50dc69acf700e03a62a348360126260e87f2b54eced86b2", [:rebar3], []},
  "jsx": {:hex, :jsx, "2.8.0", "749bec6d205c694ae1786d62cea6cc45a390437e24835fd16d12d74f07097727", [:mix, :rebar], []},
  "lager": {:hex, :lager, "3.0.2", "25dc81bc3659b62f5ab9bd073e97ddd894fc4c242019fccef96f3889d7366c97", [:rebar3], [{:goldrush, "0.1.7", [hex: :goldrush, optional: false]}]},
  "metrics": {:hex, :metrics, "1.0.1", "25f094dea2cda98213cecc3aeff09e940299d950904393b2a29d191c346a8486", [:rebar3], []},
  "mimerl": {:hex, :mimerl, "1.0.2", "993f9b0e084083405ed8252b99460c4f0563e41729ab42d9074fd5e52439be88", [:rebar3], []},
  "mochicow": {:hex, :mochicow, "0.6.4", "c273a47b81a5d8a04a4280fc448be51b035b231bb1151a377bab73b11db9707d", [:rebar3], [{:mochiweb, "2.15.0", [hex: :mochiweb, optional: false]}, {:cowboy, "1.0.4", [hex: :cowboy, optional: false]}]},
  "mochiweb": {:hex, :mochiweb, "2.15.0", "e1daac474df07651e5d17cc1e642c4069c7850dc4508d3db7263a0651330aacc", [:rebar3], []},
  "neotoma": {:hex, :neotoma, "1.7.3", "d8bd5404b73273989946e4f4f6d529e5c2088f5fa1ca790b4dbe81f4be408e61", [:rebar], []},
  "oauth": {:hex, :barrel_oauth, "1.6.0", "36273b2b406bc237a250997b6549b6b9d13506f1cf59fb4c9a7d4ab26a86100c", [:rebar3], []},
  "p1_utils": {:hex, :p1_utils, "1.0.3", "8d469a34e8fe3898dda9dfda545fdb69cabfee144ebe31732d2c7905420603ec", [:rebar3], []},
  "parse_trans": {:hex, :parse_trans, "2.9.0", "3f5f7b402928fb9fd200c891e635de909045d1efac40ce3f924d3892898f85eb", [:rebar, :rebar], [{:edown, "> 0.0.0", [hex: :edown, optional: false]}]},
  "providers": {:hex, :providers, "1.4.1", "e74176b29d4771544410af5022fe1306b100d0f57c9e0f3656bcff5962f87cd2", [:rebar], [{:getopt, "0.8.2", [hex: :getopt, optional: false]}]},
  "ranch": {:hex, :ranch, "1.2.1", "a6fb992c10f2187b46ffd17ce398ddf8a54f691b81768f9ef5f461ea7e28c762", [:make], []},
  "relx": {:hex, :relx, "3.1.0", "71b7e00e83543c92512d785a268db78a970fe5d811171329623784daca7d23dc", [:rebar], [{:providers, "1.4.1", [hex: :providers, optional: false]}, {:getopt, "0.8.2", [hex: :getopt, optional: false]}, {:erlware_commons, "0.13.0", [hex: :erlware_commons, optional: false]}, {:bbmustache, "1.0.1", [hex: :bbmustache, optional: false]}]},
  "setup": {:hex, :setup, "1.7.0", "15df8e57c6df9755e22bfb1aef0c640bd97e9889396fdfb2a85a5536a9043674", [:rebar3], []},
  "snappy": {:hex, :snappy, "1.1.1", "d63449a58f1358046b7adaec166ae8929c2b19881e76c4e13284304fe887c39a", [:rebar3], []},
  "ssl_verify_fun": {:hex, :ssl_verify_fun, "1.1.0", "edee20847c42e379bf91261db474ffbe373f8acb56e9079acb6038d4e0bf414f", [:rebar, :make], []},
  "stache": {:hex, :stache, "0.2.1", "500394cf691d06d04ebf44f5f32b9146954fa2b6874ce955b37bd6ae24f830a7", [:mix], []},
  "ucol": {:hex, :ucol, "2.0.0", "64f9589d682dac6ca59252e1222e22697784f74addd0b88c5e34d53d267356bb", [:rebar3], []}}
