%{"bbmustache": {:hex, :bbmustache, "1.0.1"},
  "bear": {:hex, :bear, "0.8.3"},
  "certifi": {:hex, :certifi, "0.4.0"},
  "conform": {:hex, :conform, "0.16.0"},
  "cowboy": {:hex, :cowboy, "1.0.4"},
  "cowlib": {:hex, :cowlib, "1.0.2"},
  "econfig": {:hex, :econfig, "0.7.1"},
  "edown": {:hex, :edown, "0.7.0"},
  "erlware_commons": {:hex, :erlware_commons, "0.13.0"},
  "exometer_core": {:hex, :exometer_core, "1.4.0"},
  "exrm": {:hex, :exrm, "0.18.8"},
  "folsom": {:hex, :folsom, "0.8.3"},
  "getopt": {:hex, :getopt, "0.8.2"},
  "goldrush": {:hex, :goldrush, "0.1.7"},
  "gproc": {:hex, :gproc, "0.5.0"},
  "hackney": {:hex, :hackney, "1.6.0"},
  "hooks": {:hex, :hooks, "1.1.1"},
  "ibrowse": {:hex, :barrel_ibrowse, "4.2.0"},
  "idna": {:hex, :idna, "1.2.0"},
  "jsx": {:hex, :jsx, "2.8.0"},
  "lager": {:hex, :lager, "3.0.2"},
  "metrics": {:hex, :metrics, "1.0.1"},
  "mimerl": {:hex, :mimerl, "1.0.2"},
  "mochiweb": {:hex, :mochiweb, "2.12.2"},
  "neotoma": {:hex, :neotoma, "1.7.3"},
  "oauth": {:hex, :barrel_oauth, "1.6.0"},
  "parse_trans": {:hex, :parse_trans, "2.9.0"},
  "providers": {:hex, :providers, "1.4.1"},
  "ranch": {:hex, :ranch, "1.2.1"},
  "relx": {:hex, :relx, "3.1.0"},
  "setup": {:hex, :setup, "1.7.0"},
  "snappy": {:hex, :snappy, "1.1.1"},
  "ssl_verify_fun": {:hex, :ssl_verify_fun, "1.1.0"},
  "stache": {:hex, :stache, "0.2.1"},
  "ucol": {:hex, :ucol, "2.0.0"}}
