[{<<"ssl_verify_hostname">>,
  {git,"https://github.com/deadtrickster/ssl_verify_hostname.erl",
       {ref,"1105981e2c3afb40dcda46163aa54c3f931a1e0b"}},
  2},
 {<<"idna">>,
  {git,"https://github.com/benoitc/erlang-idna",
       {ref,"c80afc2c3120010fd22287a3b2ef2bbbde57ff40"}},
  2},
 {<<"goldrush">>,
  {git,"git://github.com/DeadZen/goldrush.git",
       {ref,"71e63212f12c25827e0c1b4198d37d5d018a7fec"}},
  2},
 {<<"ucol_nif">>,
  {git,"https://github.com/refuge/ucol_nif.git",
       {ref,"6a57495ae22db487d297f9d66e2fb94d52696d92"}},
  1},
 {<<"snappy">>,
  {git,"https://github.com/rcouch/snappy.git",
       {ref,"ea07e546f8ae1aff9f126972cba9bc6d77c8a456"}},
  1},
 {<<"oauth">>,
  {git,"https://github.com/rcouch/couchdb-oauth",
       {ref,"ab497ab815cb339c9f134b760d9671369cd34185"}},
  1},
 {<<"mochiweb">>,
  {git,"https://github.com/mochi/mochiweb.git",
       {ref,"c3fb6aed018d47a9c313daa966657a157d88dbc6"}},
  1},
 {<<"lager">>,
  {git,"https://github.com/basho/lager.git",
       {ref,"840acab51ebfb731de0137d9c6d41e7db4a12793"}},
  1},
 {<<"jiffy">>,
  {git,"https://github.com/rcouch/jiffy.git",
       {ref,"b162efd7df4e20f2a5352b76a1483ff8f50dd3c9"}},
  1},
 {<<"ibrowse">>,
  {git,"https://github.com/rcouch/ibrowse",
       {ref,"e98527dee7785fe383c2a5c12ecfa1feaae386ab"}},
  1},
 {<<"hackney">>,
  {git,"https://github.com/benoitc/hackney",
       {ref,"002fe1bbae65a657b98719a11b14fee9116212eb"}},
  1},
 {<<"gproc">>,
  {git,"https://github.com/uwiger/gproc.git",
       {ref,"68c9e5d8c2002a7272ed9766f5b021f8e8b1a95c"}},
  1},
 {<<"geocouch">>,
  {git,"https://github.com/rcouch/geocouch",
       {ref,"311bdeaedb05837cf8e8dfc50ece0f019a0a2cdb"}},
  0},
 {<<"couch_randomdoc">>,
  {git,"https://github.com/rcouch/couch_randomdoc",
       {ref,"cc36dcb6ac4ff68f60531f650e5ba551bdceaa8e"}},
  0},
 {<<"couch_mrview">>,
  {git,"https://github.com/rcouch/couch_mrview.git",
       {ref,"02f24d5562216bdd859f375233ac61aaf2feba35"}},
  0},
 {<<"couch_index">>,
  {git,"https://github.com/rcouch/couch_index.git",
       {ref,"27d4d89b2d45d5b62cb8acbf052e2fe8400e3d89"}},
  0},
 {<<"couch_httpd">>,
  {git,"https://github.com/rcouch/couch_httpd.git",
       {ref,"26dcf1a6efb7b8a35ad3042da224d0bd1b624818"}},
  0},
 {<<"couch_dbupdates">>,
  {git,"https://github.com/rcouch/couch_dbupdates",
       {ref,"30661f54dfe3f4f387e39958623e453ddc3e796a"}},
  0},
 {<<"couch_changes">>,
  {git,"https://github.com/rcouch/couch_changes.git",
       {ref,"a93725811b9b1041fcbc6ea4b21f69edf2907f5e"}},
  0},
 {<<"couch">>,
  {git,"https://github.com/rcouch/couch.git",
       {ref,"2f939135c19d2eff5386f1dc74508c3bb73341d5"}},
  0}].
